
Microsoft Visual Studio Solution File, Format Version 12.00
# Visual Studio 15
VisualStudioVersion = 15.0.27130.2026
MinimumVisualStudioVersion = 10.0.40219.1
Project("{8BC9CEB8-8B4A-11D0-8D11-00A0C91BC942}") = "nclgl", "..\nclgl\nclgl.vcxproj", "{98D6B51B-CB0A-4389-ADC6-24082B967C3F}"
EndProject
Project("{8BC9CEB8-8B4A-11D0-8D11-00A0C91BC942}") = "Game Engine", "Game Engine\Game Engine.vcxproj", "{9A792315-0BD4-4553-82CC-2E20DAD19498}"
	ProjectSection(ProjectDependencies) = postProject
		{98D6B51B-CB0A-4389-ADC6-24082B967C3F} = {98D6B51B-CB0A-4389-ADC6-24082B967C3F}
		{D4FD1945-6D52-4FCB-A1C6-731D0BC3A97A} = {D4FD1945-6D52-4FCB-A1C6-731D0BC3A97A}
		{DBD30C59-C0D3-4916-83CF-78AB90F825D5} = {DBD30C59-C0D3-4916-83CF-78AB90F825D5}
		{B7B8467C-9F44-4378-B0DF-93B939B34057} = {B7B8467C-9F44-4378-B0DF-93B939B34057}
		{C7465BCA-CD46-4A67-81A7-3D7DA54E4273} = {C7465BCA-CD46-4A67-81A7-3D7DA54E4273}
		{535A38EA-6FAA-4956-B033-814927DDA286} = {535A38EA-6FAA-4956-B033-814927DDA286}
	EndProjectSection
EndProject
Project("{8BC9CEB8-8B4A-11D0-8D11-00A0C91BC942}") = "Graphics", "Graphics\Graphics.vcxproj", "{DBD30C59-C0D3-4916-83CF-78AB90F825D5}"
	ProjectSection(ProjectDependencies) = postProject
		{98D6B51B-CB0A-4389-ADC6-24082B967C3F} = {98D6B51B-CB0A-4389-ADC6-24082B967C3F}
	EndProjectSection
EndProject
Project("{8BC9CEB8-8B4A-11D0-8D11-00A0C91BC942}") = "Human Interface", "Human Interface\Human Interface.vcxproj", "{D4FD1945-6D52-4FCB-A1C6-731D0BC3A97A}"
EndProject
Project("{8BC9CEB8-8B4A-11D0-8D11-00A0C91BC942}") = "Profiling", "Profiling\Profiling.vcxproj", "{C7465BCA-CD46-4A67-81A7-3D7DA54E4273}"
EndProject
Project("{8BC9CEB8-8B4A-11D0-8D11-00A0C91BC942}") = "Resource Management", "Resource Management\Resource Management.vcxproj", "{B7B8467C-9F44-4378-B0DF-93B939B34057}"
	ProjectSection(ProjectDependencies) = postProject
		{DBD30C59-C0D3-4916-83CF-78AB90F825D5} = {DBD30C59-C0D3-4916-83CF-78AB90F825D5}
	EndProjectSection
EndProject
Project("{8BC9CEB8-8B4A-11D0-8D11-00A0C91BC942}") = "Initialization", "Initialization\Initialization.vcxproj", "{535A38EA-6FAA-4956-B033-814927DDA286}"
EndProject
Global
	GlobalSection(SolutionConfigurationPlatforms) = preSolution
		Debug|x64 = Debug|x64
		Debug|x86 = Debug|x86
		MinSizeRel|x64 = MinSizeRel|x64
		MinSizeRel|x86 = MinSizeRel|x86
		Release|x64 = Release|x64
		Release|x86 = Release|x86
		RelWithDebInfo|x64 = RelWithDebInfo|x64
		RelWithDebInfo|x86 = RelWithDebInfo|x86
	EndGlobalSection
	GlobalSection(ProjectConfigurationPlatforms) = postSolution
		{98D6B51B-CB0A-4389-ADC6-24082B967C3F}.Debug|x64.ActiveCfg = Debug|Win32
		{98D6B51B-CB0A-4389-ADC6-24082B967C3F}.Debug|x86.ActiveCfg = Debug|Win32
		{98D6B51B-CB0A-4389-ADC6-24082B967C3F}.Debug|x86.Build.0 = Debug|Win32
		{98D6B51B-CB0A-4389-ADC6-24082B967C3F}.MinSizeRel|x64.ActiveCfg = Release|Win32
		{98D6B51B-CB0A-4389-ADC6-24082B967C3F}.MinSizeRel|x64.Build.0 = Release|Win32
		{98D6B51B-CB0A-4389-ADC6-24082B967C3F}.MinSizeRel|x86.ActiveCfg = Release|Win32
		{98D6B51B-CB0A-4389-ADC6-24082B967C3F}.MinSizeRel|x86.Build.0 = Release|Win32
		{98D6B51B-CB0A-4389-ADC6-24082B967C3F}.Release|x64.ActiveCfg = Release|Win32
		{98D6B51B-CB0A-4389-ADC6-24082B967C3F}.Release|x86.ActiveCfg = Release|Win32
		{98D6B51B-CB0A-4389-ADC6-24082B967C3F}.Release|x86.Build.0 = Release|Win32
		{98D6B51B-CB0A-4389-ADC6-24082B967C3F}.RelWithDebInfo|x64.ActiveCfg = Release|Win32
		{98D6B51B-CB0A-4389-ADC6-24082B967C3F}.RelWithDebInfo|x64.Build.0 = Release|Win32
		{98D6B51B-CB0A-4389-ADC6-24082B967C3F}.RelWithDebInfo|x86.ActiveCfg = Release|Win32
		{98D6B51B-CB0A-4389-ADC6-24082B967C3F}.RelWithDebInfo|x86.Build.0 = Release|Win32
		{9A792315-0BD4-4553-82CC-2E20DAD19498}.Debug|x64.ActiveCfg = Debug|x64
		{9A792315-0BD4-4553-82CC-2E20DAD19498}.Debug|x64.Build.0 = Debug|x64
		{9A792315-0BD4-4553-82CC-2E20DAD19498}.Debug|x64.Deploy.0 = Debug|x64
		{9A792315-0BD4-4553-82CC-2E20DAD19498}.Debug|x86.ActiveCfg = Debug|Win32
		{9A792315-0BD4-4553-82CC-2E20DAD19498}.Debug|x86.Build.0 = Debug|Win32
		{9A792315-0BD4-4553-82CC-2E20DAD19498}.Debug|x86.Deploy.0 = Debug|Win32
		{9A792315-0BD4-4553-82CC-2E20DAD19498}.MinSizeRel|x64.ActiveCfg = Release|x64
		{9A792315-0BD4-4553-82CC-2E20DAD19498}.MinSizeRel|x64.Build.0 = Release|x64
		{9A792315-0BD4-4553-82CC-2E20DAD19498}.MinSizeRel|x86.ActiveCfg = Release|Win32
		{9A792315-0BD4-4553-82CC-2E20DAD19498}.MinSizeRel|x86.Build.0 = Release|Win32
		{9A792315-0BD4-4553-82CC-2E20DAD19498}.Release|x64.ActiveCfg = Release|x64
		{9A792315-0BD4-4553-82CC-2E20DAD19498}.Release|x64.Build.0 = Release|x64
		{9A792315-0BD4-4553-82CC-2E20DAD19498}.Release|x64.Deploy.0 = Release|x64
		{9A792315-0BD4-4553-82CC-2E20DAD19498}.Release|x86.ActiveCfg = Release|Win32
		{9A792315-0BD4-4553-82CC-2E20DAD19498}.Release|x86.Build.0 = Release|Win32
		{9A792315-0BD4-4553-82CC-2E20DAD19498}.Release|x86.Deploy.0 = Release|Win32
		{9A792315-0BD4-4553-82CC-2E20DAD19498}.RelWithDebInfo|x64.ActiveCfg = Release|x64
		{9A792315-0BD4-4553-82CC-2E20DAD19498}.RelWithDebInfo|x64.Build.0 = Release|x64
		{9A792315-0BD4-4553-82CC-2E20DAD19498}.RelWithDebInfo|x86.ActiveCfg = Release|Win32
		{9A792315-0BD4-4553-82CC-2E20DAD19498}.RelWithDebInfo|x86.Build.0 = Release|Win32
		{DBD30C59-C0D3-4916-83CF-78AB90F825D5}.Debug|x64.ActiveCfg = Debug|x64
		{DBD30C59-C0D3-4916-83CF-78AB90F825D5}.Debug|x64.Build.0 = Debug|x64
		{DBD30C59-C0D3-4916-83CF-78AB90F825D5}.Debug|x86.ActiveCfg = Debug|Win32
		{DBD30C59-C0D3-4916-83CF-78AB90F825D5}.Debug|x86.Build.0 = Debug|Win32
		{DBD30C59-C0D3-4916-83CF-78AB90F825D5}.MinSizeRel|x64.ActiveCfg = Release|x64
		{DBD30C59-C0D3-4916-83CF-78AB90F825D5}.MinSizeRel|x64.Build.0 = Release|x64
		{DBD30C59-C0D3-4916-83CF-78AB90F825D5}.MinSizeRel|x86.ActiveCfg = Release|Win32
		{DBD30C59-C0D3-4916-83CF-78AB90F825D5}.MinSizeRel|x86.Build.0 = Release|Win32
		{DBD30C59-C0D3-4916-83CF-78AB90F825D5}.Release|x64.ActiveCfg = Release|x64
		{DBD30C59-C0D3-4916-83CF-78AB90F825D5}.Release|x64.Build.0 = Release|x64
		{DBD30C59-C0D3-4916-83CF-78AB90F825D5}.Release|x86.ActiveCfg = Release|Win32
		{DBD30C59-C0D3-4916-83CF-78AB90F825D5}.Release|x86.Build.0 = Release|Win32
		{DBD30C59-C0D3-4916-83CF-78AB90F825D5}.RelWithDebInfo|x64.ActiveCfg = Release|x64
		{DBD30C59-C0D3-4916-83CF-78AB90F825D5}.RelWithDebInfo|x64.Build.0 = Release|x64
		{DBD30C59-C0D3-4916-83CF-78AB90F825D5}.RelWithDebInfo|x86.ActiveCfg = Release|Win32
		{DBD30C59-C0D3-4916-83CF-78AB90F825D5}.RelWithDebInfo|x86.Build.0 = Release|Win32
		{D4FD1945-6D52-4FCB-A1C6-731D0BC3A97A}.Debug|x64.ActiveCfg = Debug|x64
		{D4FD1945-6D52-4FCB-A1C6-731D0BC3A97A}.Debug|x64.Build.0 = Debug|x64
		{D4FD1945-6D52-4FCB-A1C6-731D0BC3A97A}.Debug|x86.ActiveCfg = Debug|Win32
		{D4FD1945-6D52-4FCB-A1C6-731D0BC3A97A}.Debug|x86.Build.0 = Debug|Win32
		{D4FD1945-6D52-4FCB-A1C6-731D0BC3A97A}.MinSizeRel|x64.ActiveCfg = Release|x64
		{D4FD1945-6D52-4FCB-A1C6-731D0BC3A97A}.MinSizeRel|x64.Build.0 = Release|x64
		{D4FD1945-6D52-4FCB-A1C6-731D0BC3A97A}.MinSizeRel|x86.ActiveCfg = Release|Win32
		{D4FD1945-6D52-4FCB-A1C6-731D0BC3A97A}.MinSizeRel|x86.Build.0 = Release|Win32
		{D4FD1945-6D52-4FCB-A1C6-731D0BC3A97A}.Release|x64.ActiveCfg = Release|x64
		{D4FD1945-6D52-4FCB-A1C6-731D0BC3A97A}.Release|x64.Build.0 = Release|x64
		{D4FD1945-6D52-4FCB-A1C6-731D0BC3A97A}.Release|x86.ActiveCfg = Release|Win32
		{D4FD1945-6D52-4FCB-A1C6-731D0BC3A97A}.Release|x86.Build.0 = Release|Win32
		{D4FD1945-6D52-4FCB-A1C6-731D0BC3A97A}.RelWithDebInfo|x64.ActiveCfg = Release|x64
		{D4FD1945-6D52-4FCB-A1C6-731D0BC3A97A}.RelWithDebInfo|x64.Build.0 = Release|x64
		{D4FD1945-6D52-4FCB-A1C6-731D0BC3A97A}.RelWithDebInfo|x86.ActiveCfg = Release|Win32
		{D4FD1945-6D52-4FCB-A1C6-731D0BC3A97A}.RelWithDebInfo|x86.Build.0 = Release|Win32
		{C7465BCA-CD46-4A67-81A7-3D7DA54E4273}.Debug|x64.ActiveCfg = Debug|x64
		{C7465BCA-CD46-4A67-81A7-3D7DA54E4273}.Debug|x64.Build.0 = Debug|x64
		{C7465BCA-CD46-4A67-81A7-3D7DA54E4273}.Debug|x86.ActiveCfg = Debug|Win32
		{C7465BCA-CD46-4A67-81A7-3D7DA54E4273}.Debug|x86.Build.0 = Debug|Win32
		{C7465BCA-CD46-4A67-81A7-3D7DA54E4273}.MinSizeRel|x64.ActiveCfg = Release|x64
		{C7465BCA-CD46-4A67-81A7-3D7DA54E4273}.MinSizeRel|x64.Build.0 = Release|x64
		{C7465BCA-CD46-4A67-81A7-3D7DA54E4273}.MinSizeRel|x86.ActiveCfg = Release|Win32
		{C7465BCA-CD46-4A67-81A7-3D7DA54E4273}.MinSizeRel|x86.Build.0 = Release|Win32
		{C7465BCA-CD46-4A67-81A7-3D7DA54E4273}.Release|x64.ActiveCfg = Release|x64
		{C7465BCA-CD46-4A67-81A7-3D7DA54E4273}.Release|x64.Build.0 = Release|x64
		{C7465BCA-CD46-4A67-81A7-3D7DA54E4273}.Release|x86.ActiveCfg = Release|Win32
		{C7465BCA-CD46-4A67-81A7-3D7DA54E4273}.Release|x86.Build.0 = Release|Win32
		{C7465BCA-CD46-4A67-81A7-3D7DA54E4273}.RelWithDebInfo|x64.ActiveCfg = Release|x64
		{C7465BCA-CD46-4A67-81A7-3D7DA54E4273}.RelWithDebInfo|x64.Build.0 = Release|x64
		{C7465BCA-CD46-4A67-81A7-3D7DA54E4273}.RelWithDebInfo|x86.ActiveCfg = Release|Win32
		{C7465BCA-CD46-4A67-81A7-3D7DA54E4273}.RelWithDebInfo|x86.Build.0 = Release|Win32
		{B7B8467C-9F44-4378-B0DF-93B939B34057}.Debug|x64.ActiveCfg = Debug|x64
		{B7B8467C-9F44-4378-B0DF-93B939B34057}.Debug|x64.Build.0 = Debug|x64
		{B7B8467C-9F44-4378-B0DF-93B939B34057}.Debug|x86.ActiveCfg = Debug|Win32
		{B7B8467C-9F44-4378-B0DF-93B939B34057}.Debug|x86.Build.0 = Debug|Win32
		{B7B8467C-9F44-4378-B0DF-93B939B34057}.MinSizeRel|x64.ActiveCfg = Release|x64
		{B7B8467C-9F44-4378-B0DF-93B939B34057}.MinSizeRel|x64.Build.0 = Release|x64
		{B7B8467C-9F44-4378-B0DF-93B939B34057}.MinSizeRel|x86.ActiveCfg = Release|Win32
		{B7B8467C-9F44-4378-B0DF-93B939B34057}.MinSizeRel|x86.Build.0 = Release|Win32
		{B7B8467C-9F44-4378-B0DF-93B939B34057}.Release|x64.ActiveCfg = Release|x64
		{B7B8467C-9F44-4378-B0DF-93B939B34057}.Release|x64.Build.0 = Release|x64
		{B7B8467C-9F44-4378-B0DF-93B939B34057}.Release|x86.ActiveCfg = Release|Win32
		{B7B8467C-9F44-4378-B0DF-93B939B34057}.Release|x86.Build.0 = Release|Win32
		{B7B8467C-9F44-4378-B0DF-93B939B34057}.RelWithDebInfo|x64.ActiveCfg = Release|x64
		{B7B8467C-9F44-4378-B0DF-93B939B34057}.RelWithDebInfo|x64.Build.0 = Release|x64
		{B7B8467C-9F44-4378-B0DF-93B939B34057}.RelWithDebInfo|x86.ActiveCfg = Release|Win32
		{B7B8467C-9F44-4378-B0DF-93B939B34057}.RelWithDebInfo|x86.Build.0 = Release|Win32
		{535A38EA-6FAA-4956-B033-814927DDA286}.Debug|x64.ActiveCfg = Debug|x64
		{535A38EA-6FAA-4956-B033-814927DDA286}.Debug|x64.Build.0 = Debug|x64
		{535A38EA-6FAA-4956-B033-814927DDA286}.Debug|x86.ActiveCfg = Debug|Win32
		{535A38EA-6FAA-4956-B033-814927DDA286}.Debug|x86.Build.0 = Debug|Win32
		{535A38EA-6FAA-4956-B033-814927DDA286}.MinSizeRel|x64.ActiveCfg = Release|x64
		{535A38EA-6FAA-4956-B033-814927DDA286}.MinSizeRel|x64.Build.0 = Release|x64
		{535A38EA-6FAA-4956-B033-814927DDA286}.MinSizeRel|x86.ActiveCfg = Release|Win32
		{535A38EA-6FAA-4956-B033-814927DDA286}.MinSizeRel|x86.Build.0 = Release|Win32
		{535A38EA-6FAA-4956-B033-814927DDA286}.Release|x64.ActiveCfg = Release|x64
		{535A38EA-6FAA-4956-B033-814927DDA286}.Release|x64.Build.0 = Release|x64
		{535A38EA-6FAA-4956-B033-814927DDA286}.Release|x86.ActiveCfg = Release|Win32
		{535A38EA-6FAA-4956-B033-814927DDA286}.Release|x86.Build.0 = Release|Win32
		{535A38EA-6FAA-4956-B033-814927DDA286}.RelWithDebInfo|x64.ActiveCfg = Release|x64
		{535A38EA-6FAA-4956-B033-814927DDA286}.RelWithDebInfo|x64.Build.0 = Release|x64
		{535A38EA-6FAA-4956-B033-814927DDA286}.RelWithDebInfo|x86.ActiveCfg = Release|Win32
		{535A38EA-6FAA-4956-B033-814927DDA286}.RelWithDebInfo|x86.Build.0 = Release|Win32
	EndGlobalSection
	GlobalSection(SolutionProperties) = preSolution
		HideSolutionNode = FALSE
	EndGlobalSection
	GlobalSection(ExtensibilityGlobals) = postSolution
		SolutionGuid = {0C986AE6-97B4-40E6-A84A-88944990F092}
	EndGlobalSection
EndGlobal
